{
  "name": "vueWP",
  "lockfileVersion": 2,
  "requires": true,
  "packages": {
    "": {
      "dependencies": {
        "animate.css": "^4.1.1",
        "velocity-animate": "^2.0.6",
        "vue": "^2.6.14"
      }
    },
    "node_modules/animate.css": {
      "version": "4.1.1",
      "resolved": "https://registry.npm.taobao.org/animate.css/download/animate.css-4.1.1.tgz",
      "integrity": "sha1-YU7FqBEx1+TcNipYFD90BqvWgHU="
    },
    "node_modules/velocity-animate": {
      "version": "2.0.6",
      "resolved": "https://registry.nlark.com/velocity-animate/download/velocity-animate-2.0.6.tgz",
      "integrity": "sha1-GBHKFN9/u+8FdAJW9s7A/Rt2V18="
    },
    "node_modules/vue": {
      "version": "2.6.14",
      "resolved": "https://registry.nlark.com/vue/download/vue-2.6.14.tgz",
      "integrity": "sha1-5RqlJQJQ1Wmj+606ilpofWA24jU="
    }
  },
  "dependencies": {
    "animate.css": {
      "version": "4.1.1",
      "resolved": "https://registry.npm.taobao.org/animate.css/download/animate.css-4.1.1.tgz",
      "integrity": "sha1-YU7FqBEx1+TcNipYFD90BqvWgHU="
    },
    "velocity-animate": {
      "version": "2.0.6",
      "resolved": "https://registry.nlark.com/velocity-animate/download/velocity-animate-2.0.6.tgz",
      "integrity": "sha1-GBHKFN9/u+8FdAJW9s7A/Rt2V18="
    },
    "vue": {
      "version": "2.6.14",
      "resolved": "https://registry.nlark.com/vue/download/vue-2.6.14.tgz",
      "integrity": "sha1-5RqlJQJQ1Wmj+606ilpofWA24jU="
    }
  }
}
